{
  "nodes": {
    "nixpkgs": {
      "locked": {
        "lastModified": 1728669314,
        "narHash": "sha256-fUm2vbPrjj4sOhgpKUjR33EZ6wqjzVsIyqz22Y1/vz0=",
        "owner": "NixOS",
        "repo": "nixpkgs",
        "rev": "8d4e0861d39a8068add0c6c5680610d4649dc2a7",
        "type": "github"
      },
      "original": {
        "owner": "NixOS",
        "repo": "nixpkgs",
        "type": "github"
      }
    },
    "root": {
      "inputs": {
        "nixpkgs": "nixpkgs"
      }
    }
  },
  "root": "root",
  "version": 7
}
